// !$*UTF8*$!
{
	archiveVersion = 1;
	classes = {
	};
	objectVersion = 46;
	objects = {

/* Begin PBXBuildFile section */
		2150C33F2025072600BA9284 /* AppDelegate.swift in Sources */ = {isa = PBXBuildFile; fileRef = 2150C33E2025072600BA9284 /* AppDelegate.swift */; };
		2150C3412025072600BA9284 /* ViewController.swift in Sources */ = {isa = PBXBuildFile; fileRef = 2150C3402025072600BA9284 /* ViewController.swift */; };
		2150C3442025072600BA9284 /* Main.storyboard in Resources */ = {isa = PBXBuildFile; fileRef = 2150C3422025072600BA9284 /* Main.storyboard */; };
		2150C3462025072600BA9284 /* Assets.xcassets in Resources */ = {isa = PBXBuildFile; fileRef = 2150C3452025072600BA9284 /* Assets.xcassets */; };
		2150C3492025072600BA9284 /* LaunchScreen.storyboard in Resources */ = {isa = PBXBuildFile; fileRef = 2150C3472025072600BA9284 /* LaunchScreen.storyboard */; };
		27204615DDA645D1F4863EB5 /* Pods_______.framework in Frameworks */ = {isa = PBXBuildFile; fileRef = 6C5A4F457AE362696F8463AF /* Pods_______.framework */; };
/* End PBXBuildFile section */

/* Begin PBXFileReference section */
		2150C33B2025072600BA9284 /* Βέκος.app */ = {isa = PBXFileReference; explicitFileType = wrapper.application; includeInIndex = 0; path = "Βέκος.app"; sourceTree = BUILT_PRODUCTS_DIR; };
		2150C33E2025072600BA9284 /* AppDelegate.swift */ = {isa = PBXFileReference; lastKnownFileType = sourcecode.swift; path = AppDelegate.swift; sourceTree = "<group>"; };
		2150C3402025072600BA9284 /* ViewController.swift */ = {isa = PBXFileReference; lastKnownFileType = sourcecode.swift; path = ViewController.swift; sourceTree = "<group>"; };
		2150C3432025072600BA9284 /* Base */ = {isa = PBXFileReference; lastKnownFileType = file.storyboard; name = Base; path = Base.lproj/Main.storyboard; sourceTree = "<group>"; };
		2150C3452025072600BA9284 /* Assets.xcassets */ = {isa = PBXFileReference; lastKnownFileType = folder.assetcatalog; path = Assets.xcassets; sourceTree = "<group>"; };
		2150C3482025072600BA9284 /* Base */ = {isa = PBXFileReference; lastKnownFileType = file.storyboard; name = Base; path = Base.lproj/LaunchScreen.storyboard; sourceTree = "<group>"; };
		2150C34A2025072600BA9284 /* Info.plist */ = {isa = PBXFileReference; lastKnownFileType = text.plist.xml; path = Info.plist; sourceTree = "<group>"; };
		61E0DCE06D22DCD89F394132 /* Pods-Βέκος.debug.xcconfig */ = {isa = PBXFileReference; includeInIndex = 1; lastKnownFileType = text.xcconfig; name = "Pods-Βέκος.debug.xcconfig"; path = "Pods/Target Support Files/Pods-Βέκος/Pods-Βέκος.debug.xcconfig"; sourceTree = "<group>"; };
		6C5A4F457AE362696F8463AF /* Pods_______.framework */ = {isa = PBXFileReference; explicitFileType = wrapper.framework; includeInIndex = 0; path = Pods_______.framework; sourceTree = BUILT_PRODUCTS_DIR; };
		CE3EB5FF3ACAC5746BF25405 /* Pods-Βέκος.release.xcconfig */ = {isa = PBXFileReference; includeInIndex = 1; lastKnownFileType = text.xcconfig; name = "Pods-Βέκος.release.xcconfig"; path = "Pods/Target Support Files/Pods-Βέκος/Pods-Βέκος.release.xcconfig"; sourceTree = "<group>"; };
/* End PBXFileReference section */

/* Begin PBXFrameworksBuildPhase section */
		2150C3382025072600BA9284 /* Frameworks */ = {
			isa = PBXFrameworksBuildPhase;
			buildActionMask = 2147483647;
			files = (
				27204615DDA645D1F4863EB5 /* Pods_______.framework in Frameworks */,
			);
			runOnlyForDeploymentPostprocessing = 0;
		};
/* End PBXFrameworksBuildPhase section */

/* Begin PBXGroup section */
		2150C3322025072600BA9284 = {
			isa = PBXGroup;
			children = (
				2150C33D2025072600BA9284 /* Βέκος */,
				2150C33C2025072600BA9284 /* Products */,
				2743CAC37F30B087D5F2FCED /* Pods */,
				62505AC43D6286F8AFADCDBF /* Frameworks */,
			);
			sourceTree = "<group>";
		};
		2150C33C2025072600BA9284 /* Products */ = {
			isa = PBXGroup;
			children = (
				2150C33B2025072600BA9284 /* Βέκος.app */,
			);
			name = Products;
			sourceTree = "<group>";
		};
		2150C33D2025072600BA9284 /* Βέκος */ = {
			isa = PBXGroup;
			children = (
				2150C33E2025072600BA9284 /* AppDelegate.swift */,
				2150C3402025072600BA9284 /* ViewController.swift */,
				2150C3422025072600BA9284 /* Main.storyboard */,
				2150C3452025072600BA9284 /* Assets.xcassets */,
				2150C3472025072600BA9284 /* LaunchScreen.storyboard */,
				2150C34A2025072600BA9284 /* Info.plist */,
			);
			path = "Βέκος";
			sourceTree = "<group>";
		};
		2743CAC37F30B087D5F2FCED /* Pods */ = {
			isa = PBXGroup;
			children = (
				61E0DCE06D22DCD89F394132 /* Pods-Βέκος.debug.xcconfig */,
				CE3EB5FF3ACAC5746BF25405 /* Pods-Βέκος.release.xcconfig */,
			);
			name = Pods;
			sourceTree = "<group>";
		};
		62505AC43D6286F8AFADCDBF /* Frameworks */ = {
			isa = PBXGroup;
			children = (
				6C5A4F457AE362696F8463AF /* Pods_______.framework */,
			);
			name = Frameworks;
			sourceTree = "<group>";
		};
/* End PBXGroup section */

/* Begin PBXNativeTarget section */
		2150C33A2025072600BA9284 /* Βέκος */ = {
			isa = PBXNativeTarget;
			buildConfigurationList = 2150C34D2025072600BA9284 /* Build configuration list for PBXNativeTarget "Βέκος" */;
			buildPhases = (
				8919AE742CC5F644EC7BCC77 /* [CP] Check Pods Manifest.lock */,
				2150C3372025072600BA9284 /* Sources */,
				2150C3382025072600BA9284 /* Frameworks */,
				2150C3392025072600BA9284 /* Resources */,
				B1C830393CF1AC7A47063B82 /* [CP] Embed Pods Frameworks */,
				60D6FDBF0E48435A746EA560 /* [CP] Copy Pods Resources */,
			);
			buildRules = (
			);
			dependencies = (
			);
			name = "Βέκος";
			productName = "Βέκος";
			productReference = 2150C33B2025072600BA9284 /* Βέκος.app */;
			productType = "com.apple.product-type.application";
		};
/* End PBXNativeTarget section */

/* Begin PBXProject section */
		2150C3332025072600BA9284 /* Project object */ = {
			isa = PBXProject;
			attributes = {
				LastSwiftUpdateCheck = 0830;
				LastUpgradeCheck = 0830;
				ORGANIZATIONNAME = bhuvan21;
				TargetAttributes = {
					2150C33A2025072600BA9284 = {
						CreatedOnToolsVersion = 8.3;
						DevelopmentTeam = 2B66H5BK49;
						ProvisioningStyle = Automatic;
					};
				};
			};
			buildConfigurationList = 2150C3362025072600BA9284 /* Build configuration list for PBXProject "Βέκος" */;
			compatibilityVersion = "Xcode 3.2";
			developmentRegion = English;
			hasScannedForEncodings = 0;
			knownRegions = (
				en,
				Base,
			);
			mainGroup = 2150C3322025072600BA9284;
			productRefGroup = 2150C33C2025072600BA9284 /* Products */;
			projectDirPath = "";
			projectRoot = "";
			targets = (
				2150C33A2025072600BA9284 /* Βέκος */,
			);
		};
/* End PBXProject section */

/* Begin PBXResourcesBuildPhase section */
		2150C3392025072600BA9284 /* Resources */ = {
			isa = PBXResourcesBuildPhase;
			buildActionMask = 2147483647;
			files = (
				2150C3492025072600BA9284 /* LaunchScreen.storyboard in Resources */,
				2150C3462025072600BA9284 /* Assets.xcassets in Resources */,
				2150C3442025072600BA9284 /* Main.storyboard in Resources */,
			);
			runOnlyForDeploymentPostprocessing = 0;
		};
/* End PBXResourcesBuildPhase section */

/* Begin PBXShellScriptBuildPhase section */
		60D6FDBF0E48435A746EA560 /* [CP] Copy Pods Resources */ = {
			isa = PBXShellScriptBuildPhase;
			buildActionMask = 2147483647;
			files = (
			);
			inputPaths = (
			);
			name = "[CP] Copy Pods Resources";
			outputPaths = (
			);
			runOnlyForDeploymentPostprocessing = 0;
			shellPath = /bin/sh;
			shellScript = "\"${SRCROOT}/Pods/Target Support Files/Pods-Βέκος/Pods-Βέκος-resources.sh\"\n";
			showEnvVarsInLog = 0;
		};
		8919AE742CC5F644EC7BCC77 /* [CP] Check Pods Manifest.lock */ = {
			isa = PBXShellScriptBuildPhase;
			buildActionMask = 2147483647;
			files = (
			);
			inputPaths = (
				"${PODS_PODFILE_DIR_PATH}/Podfile.lock",
				"${PODS_ROOT}/Manifest.lock",
			);
			name = "[CP] Check Pods Manifest.lock";
			outputPaths = (
				"$(DERIVED_FILE_DIR)/Pods-Βέκος-checkManifestLockResult.txt",
			);
			runOnlyForDeploymentPostprocessing = 0;
			shellPath = /bin/sh;
			shellScript = "diff \"${PODS_PODFILE_DIR_PATH}/Podfile.lock\" \"${PODS_ROOT}/Manifest.lock\" > /dev/null\nif [ $? != 0 ] ; then\n    # print error to STDERR\n    echo \"error: The sandbox is not in sync with the Podfile.lock. Run 'pod install' or update your CocoaPods installation.\" >&2\n    exit 1\nfi\n# This output is used by Xcode 'outputs' to avoid re-running this script phase.\necho \"SUCCESS\" > \"${SCRIPT_OUTPUT_FILE_0}\"\n";
			showEnvVarsInLog = 0;
		};
		B1C830393CF1AC7A47063B82 /* [CP] Embed Pods Frameworks */ = {
			isa = PBXShellScriptBuildPhase;
			buildActionMask = 2147483647;
			files = (
			);
			inputPaths = (
				"${SRCROOT}/Pods/Target Support Files/Pods-Βέκος/Pods-Βέκος-frameworks.sh",
				"${BUILT_PRODUCTS_DIR}/Socket.IO-Client-Swift/SocketIO.framework",
				"${BUILT_PRODUCTS_DIR}/StarscreamSocketIO/StarscreamSocketIO.framework",
				"${BUILT_PRODUCTS_DIR}/SwiftyJSON/SwiftyJSON.framework",
			);
			name = "[CP] Embed Pods Frameworks";
			outputPaths = (
				"${TARGET_BUILD_DIR}/${FRAMEWORKS_FOLDER_PATH}/SocketIO.framework",
				"${TARGET_BUILD_DIR}/${FRAMEWORKS_FOLDER_PATH}/StarscreamSocketIO.framework",
				"${TARGET_BUILD_DIR}/${FRAMEWORKS_FOLDER_PATH}/SwiftyJSON.framework",
			);
			runOnlyForDeploymentPostprocessing = 0;
			shellPath = /bin/sh;
			shellScript = "\"${SRCROOT}/Pods/Target Support Files/Pods-Βέκος/Pods-Βέκος-frameworks.sh\"\n";
			showEnvVarsInLog = 0;
		};
/* End PBXShellScriptBuildPhase section */

/* Begin PBXSourcesBuildPhase section */
		2150C3372025072600BA9284 /* Sources */ = {
			isa = PBXSourcesBuildPhase;
			buildActionMask = 2147483647;
			files = (
				2150C3412025072600BA9284 /* ViewController.swift in Sources */,
				2150C33F2025072600BA9284 /* AppDelegate.swift in Sources */,
			);
			runOnlyForDeploymentPostprocessing = 0;
		};
/* End PBXSourcesBuildPhase section */

/* Begin PBXVariantGroup section */
		2150C3422025072600BA9284 /* Main.storyboard */ = {
			isa = PBXVariantGroup;
			children = (
				2150C3432025072600BA9284 /* Base */,
			);
			name = Main.storyboard;
			sourceTree = "<group>";
		};
		2150C3472025072600BA9284 /* LaunchScreen.storyboard */ = {
			isa = PBXVariantGroup;
			children = (
				2150C3482025072600BA9284 /* Base */,
			);
			name = LaunchScreen.storyboard;
			sourceTree = "<group>";
		};
/* End PBXVariantGroup section */

/* Begin XCBuildConfiguration section */
		2150C34B2025072600BA9284 /* Debug */ = {
			isa = XCBuildConfiguration;
			buildSettings = {
				ALWAYS_SEARCH_USER_PATHS = NO;
				CLANG_ANALYZER_NONNULL = YES;
				CLANG_ANALYZER_NUMBER_OBJECT_CONVERSION = YES_AGGRESSIVE;
				CLANG_CXX_LANGUAGE_STANDARD = "gnu++0x";
				CLANG_CXX_LIBRARY = "libc++";
				CLANG_ENABLE_MODULES = YES;
				CLANG_ENABLE_OBJC_ARC = YES;
				CLANG_WARN_BOOL_CONVERSION = YES;
				CLANG_WARN_CONSTANT_CONVERSION = YES;
				CLANG_WARN_DIRECT_OBJC_ISA_USAGE = YES_ERROR;
				CLANG_WARN_DOCUMENTATION_COMMENTS = YES;
				CLANG_WARN_EMPTY_BODY = YES;
				CLANG_WARN_ENUM_CONVERSION = YES;
				CLANG_WARN_INFINITE_RECURSION = YES;
				CLANG_WARN_INT_CONVERSION = YES;
				CLANG_WARN_OBJC_ROOT_CLASS = YES_ERROR;
				CLANG_WARN_SUSPICIOUS_MOVE = YES;
				CLANG_WARN_UNREACHABLE_CODE = YES;
				CLANG_WARN__DUPLICATE_METHOD_MATCH = YES;
				"CODE_SIGN_IDENTITY[sdk=iphoneos*]" = "iPhone Developer";
				COPY_PHASE_STRIP = NO;
				DEBUG_INFORMATION_FORMAT = dwarf;
				ENABLE_STRICT_OBJC_MSGSEND = YES;
				ENABLE_TESTABILITY = YES;
				GCC_C_LANGUAGE_STANDARD = gnu99;
				GCC_DYNAMIC_NO_PIC = NO;
				GCC_NO_COMMON_BLOCKS = YES;
				GCC_OPTIMIZATION_LEVEL = 0;
				GCC_PREPROCESSOR_DEFINITIONS = (
					"DEBUG=1",
					"$(inherited)",
				);
				GCC_WARN_64_TO_32_BIT_CONVERSION = YES;
				GCC_WARN_ABOUT_RETURN_TYPE = YES_ERROR;
				GCC_WARN_UNDECLARED_SELECTOR = YES;
				GCC_WARN_UNINITIALIZED_AUTOS = YES_AGGRESSIVE;
				GCC_WARN_UNUSED_FUNCTION = YES;
				GCC_WARN_UNUSED_VARIABLE = YES;
				IPHONEOS_DEPLOYMENT_TARGET = 10.3;
				MTL_ENABLE_DEBUG_INFO = YES;
				ONLY_ACTIVE_ARCH = YES;
				SDKROOT = iphoneos;
				SWIFT_ACTIVE_COMPILATION_CONDITIONS = DEBUG;
				SWIFT_OPTIMIZATION_LEVEL = "-Onone";
				TARGETED_DEVICE_FAMILY = "1,2";
			};
			name = Debug;
		};
		2150C34C2025072600BA9284 /* Release */ = {
			isa = XCBuildConfiguration;
			buildSettings = {
				ALWAYS_SEARCH_USER_PATHS = NO;
				CLANG_ANALYZER_NONNULL = YES;
				CLANG_ANALYZER_NUMBER_OBJECT_CONVERSION = YES_AGGRESSIVE;
				CLANG_CXX_LANGUAGE_STANDARD = "gnu++0x";
				CLANG_CXX_LIBRARY = "libc++";
				CLANG_ENABLE_MODULES = YES;
				CLANG_ENABLE_OBJC_ARC = YES;
				CLANG_WARN_BOOL_CONVERSION = YES;
				CLANG_WARN_CONSTANT_CONVERSION = YES;
				CLANG_WARN_DIRECT_OBJC_ISA_USAGE = YES_ERROR;
				CLANG_WARN_DOCUMENTATION_COMMENTS = YES;
				CLANG_WARN_EMPTY_BODY = YES;
				CLANG_WARN_ENUM_CONVERSION = YES;
				CLANG_WARN_INFINITE_RECURSION = YES;
				CLANG_WARN_INT_CONVERSION = YES;
				CLANG_WARN_OBJC_ROOT_CLASS = YES_ERROR;
				CLANG_WARN_SUSPICIOUS_MOVE = YES;
				CLANG_WARN_UNREACHABLE_CODE = YES;
				CLANG_WARN__DUPLICATE_METHOD_MATCH = YES;
				"CODE_SIGN_IDENTITY[sdk=iphoneos*]" = "iPhone Developer";
				COPY_PHASE_STRIP = NO;
				DEBUG_INFORMATION_FORMAT = "dwarf-with-dsym";
				ENABLE_NS_ASSERTIONS = NO;
				ENABLE_STRICT_OBJC_MSGSEND = YES;
				GCC_C_LANGUAGE_STANDARD = gnu99;
				GCC_NO_COMMON_BLOCKS = YES;
				GCC_WARN_64_TO_32_BIT_CONVERSION = YES;
				GCC_WARN_ABOUT_RETURN_TYPE = YES_ERROR;
				GCC_WARN_UNDECLARED_SELECTOR = YES;
				GCC_WARN_UNINITIALIZED_AUTOS = YES_AGGRESSIVE;
				GCC_WARN_UNUSED_FUNCTION = YES;
				GCC_WARN_UNUSED_VARIABLE = YES;
				IPHONEOS_DEPLOYMENT_TARGET = 10.3;
				MTL_ENABLE_DEBUG_INFO = NO;
				SDKROOT = iphoneos;
				SWIFT_OPTIMIZATION_LEVEL = "-Owholemodule";
				TARGETED_DEVICE_FAMILY = "1,2";
				VALIDATE_PRODUCT = YES;
			};
			name = Release;
		};
		2150C34E2025072600BA9284 /* Debug */ = {
			isa = XCBuildConfiguration;
			baseConfigurationReference = 61E0DCE06D22DCD89F394132 /* Pods-Βέκος.debug.xcconfig */;
			buildSettings = {
				ASSETCATALOG_COMPILER_APPICON_NAME = AppIcon;
				DEVELOPMENT_TEAM = 2B66H5BK49;
				INFOPLIST_FILE = "Βέκος/Info.plist";
				LD_RUNPATH_SEARCH_PATHS = "$(inherited) @executable_path/Frameworks";
				PRODUCT_BUNDLE_IDENTIFIER = "bekos.------";
				PRODUCT_NAME = "$(TARGET_NAME)";
				SWIFT_VERSION = 3.0;
			};
			name = Debug;
		};
		2150C34F2025072600BA9284 /* Release */ = {
			isa = XCBuildConfiguration;
			baseConfigurationReference = CE3EB5FF3ACAC5746BF25405 /* Pods-Βέκος.release.xcconfig */;
			buildSettings = {
				ASSETCATALOG_COMPILER_APPICON_NAME = AppIcon;
				DEVELOPMENT_TEAM = 2B66H5BK49;
				INFOPLIST_FILE = "Βέκος/Info.plist";
				LD_RUNPATH_SEARCH_PATHS = "$(inherited) @executable_path/Frameworks";
				PRODUCT_BUNDLE_IDENTIFIER = "bekos.------";
				PRODUCT_NAME = "$(TARGET_NAME)";
				SWIFT_VERSION = 3.0;
			};
			name = Release;
		};
/* End XCBuildConfiguration section */

/* Begin XCConfigurationList section */
		2150C3362025072600BA9284 /* Build configuration list for PBXProject "Βέκος" */ = {
			isa = XCConfigurationList;
			buildConfigurations = (
				2150C34B2025072600BA9284 /* Debug */,
				2150C34C2025072600BA9284 /* Release */,
			);
			defaultConfigurationIsVisible = 0;
			defaultConfigurationName = Release;
		};
		2150C34D2025072600BA9284 /* Build configuration list for PBXNativeTarget "Βέκος" */ = {
			isa = XCConfigurationList;
			buildConfigurations = (
				2150C34E2025072600BA9284 /* Debug */,
				2150C34F2025072600BA9284 /* Release */,
			);
			defaultConfigurationIsVisible = 0;
		};
/* End XCConfigurationList section */
	};
	rootObject = 2150C3332025072600BA9284 /* Project object */;
}
